{
  "name": "nebgov-backend",
  "version": "1.0.0",
  "lockfileVersion": 3,
  "requires": true,
  "packages": {
    "": {
      "name": "nebgov-backend",
      "version": "1.0.0",
      "dependencies": {
        "@asteasolutions/zod-to-openapi": "^8.5.0",
        "@stellar/stellar-sdk": "^15.0.1",
        "cookie-parser": "^1.4.7",
        "cors": "^2.8.5",
        "dotenv": "^16.3.1",
        "express": "^4.18.2",
        "express-rate-limit": "^7.4.0",
        "jsonwebtoken": "^9.0.2",
        "node-pg-migrate": "^8.0.4",
        "pg": "^8.11.3",
        "pino": "^10.3.1",
        "pino-http": "^11.0.0",
        "swagger-ui-express": "^5.0.1",
        "zod": "^4.3.6"
      },
      "devDependencies": {
        "@types/cookie-parser": "^1.4.10",
        "@types/cors": "^2.8.17",
        "@types/express": "^4.17.21",
        "@types/jest": "^29.5.11",
        "@types/jsonwebtoken": "^9.0.5",
        "@types/node": "^20.10.0",
        "@types/pg": "^8.10.9",
        "@types/supertest": "^6.0.2",
        "@types/swagger-ui-express": "^4.1.8",
        "jest": "^29.7.0",
        "pino-pretty": "^13.1.3",
        "supertest": "^6.3.3",
        "ts-jest": "^29.1.1",
        "tsx": "^4.7.0",
        "typescript": "^5.3.3"
      }
    },
    "../node_modules/.pnpm/@asteasolutions+zod-to-openapi@8.5.0_zod@4.3.6/node_modules/@asteasolutions/zod-to-openapi": {
      "version": "8.5.0",
      "license": "MIT",
      "dependencies": {
        "openapi3-ts": "^4.1.2"
      },
      "devDependencies": {
        "@rollup/plugin-commonjs": "^25.0.7",
        "@rollup/plugin-node-resolve": "^15.2.3",
        "@types/jest": "^29.2.5",
        "jest": "^29.3.1",
        "prettier": "^2.7.1",
        "rollup": "^4.13.2",
        "rollup-plugin-typescript2": "^0.36.0",
        "ts-jest": "^29.0.3",
        "tsd": "^0.32.0",
        "typescript": "^5.5.4",
        "yaml": "^2.2.2",
        "zod": "^4.0.5"
      },
      "peerDependencies": {
        "zod": "^4.0.0"
      }
    },
    "../node_modules/.pnpm/@stellar+stellar-sdk@15.0.1/node_modules/@stellar/stellar-sdk": {
      "version": "15.0.1",
      "license": "Apache-2.0",
      "dependencies": {
        "@stellar/stellar-base": "^15.0.0",
        "axios": "1.14.0",
        "bignumber.js": "^9.3.1",
        "commander": "^14.0.3",
        "eventsource": "^2.0.2",
        "feaxios": "^0.0.23",
        "randombytes": "^2.1.0",
        "toml": "^3.0.0",
        "urijs": "^1.19.11"
      },
      "bin": {
        "stellar-js": "bin/stellar-js"
      },
      "devDependencies": {
        "@babel/cli": "^7.28.0",
        "@babel/core": "^7.28.4",
        "@babel/eslint-plugin": "^7.27.1",
        "@babel/preset-env": "^7.29.2",
        "@babel/preset-typescript": "^7.28.5",
        "@babel/register": "^7.28.6",
        "@eslint/compat": "^1.4.1",
        "@istanbuljs/nyc-config-babel": "3.0.0",
        "@stellar/tsconfig": "^1.0.2",
        "@types/detect-node": "^2.0.2",
        "@types/eventsource": "^1.1.12",
        "@types/json-schema": "^7.0.15",
        "@types/lodash": "^4.17.24",
        "@types/node": "^20.14.11",
        "@types/randombytes": "^2.0.1",
        "@types/urijs": "^1.19.20",
        "@typescript-eslint/eslint-plugin": "^8.58.0",
        "@typescript-eslint/parser": "^8.58.0",
        "@vitest/browser": "^4.1.2",
        "@vitest/browser-playwright": "^4.1.2",
        "@vitest/coverage-istanbul": "4.1.2",
        "@vitest/coverage-v8": "^4.1.2",
        "@vitest/ui": "^4.1.2",
        "axios-mock-adapter": "^1.22.0",
        "babel-loader": "^9.1.3",
        "babel-plugin-istanbul": "^7.0.1",
        "babel-plugin-transform-define": "^2.1.4",
        "better-docs": "^2.7.3",
        "buffer": "^6.0.3",
        "cross-env": "^7.0.3",
        "dotenv": "^16.6.0",
        "eslint": "^9.39.1",
        "eslint-config-airbnb-extended": "^3.0.1",
        "eslint-config-prettier": "^10.1.8",
        "eslint-import-resolver-typescript": "^4.4.4",
        "eslint-plugin-import": "^2.32.0",
        "eslint-plugin-jsdoc": "^61.1.12",
        "eslint-plugin-prettier": "^5.5.5",
        "eslint-webpack-plugin": "^5.0.3",
        "ghooks": "^2.0.4",
        "husky": "^9.1.7",
        "jsdoc": "^4.0.4",
        "jsdom": "^27.0.0",
        "lint-staged": "^15.5.1",
        "lodash": "^4.17.21",
        "node-polyfill-webpack-plugin": "^3.0.0",
        "null-loader": "^4.0.1",
        "nyc": "^17.0.0",
        "playwright": "^1.58.0",
        "prettier": "^3.8.1",
        "randombytes": "^2.1.0",
        "taffydb": "^2.7.3",
        "terser-webpack-plugin": "^5.3.14",
        "ts-node": "^10.9.2",
        "typescript": "5.6.3",
        "vitest": "^4.1.2",
        "webpack": "^5.105.4",
        "webpack-cli": "^5.0.1"
      },
      "engines": {
        "node": ">=20.0.0"
      }
    },
    "../node_modules/.pnpm/@types+cookie-parser@1.4.10_@types+express@4.17.25/node_modules/@types/cookie-parser": {
      "version": "1.4.10",
      "dev": true,
      "license": "MIT",
      "peerDependencies": {
        "@types/express": "*"
      }
    },
    "../node_modules/.pnpm/@types+cors@2.8.19/node_modules/@types/cors": {
      "version": "2.8.19",
      "dev": true,
      "license": "MIT",
      "dependencies": {
        "@types/node": "*"
      }
    },
    "../node_modules/.pnpm/@types+express@4.17.25/node_modules/@types/express": {
      "version": "4.17.25",
      "dev": true,
      "license": "MIT",
      "dependencies": {
        "@types/body-parser": "*",
        "@types/express-serve-static-core": "^4.17.33",
        "@types/qs": "*",
        "@types/serve-static": "^1"
      }
    },
    "../node_modules/.pnpm/@types+jest@29.5.14/node_modules/@types/jest": {
      "version": "29.5.14",
      "dev": true,
      "license": "MIT",
      "dependencies": {
        "expect": "^29.0.0",
        "pretty-format": "^29.0.0"
      }
    },
    "../node_modules/.pnpm/@types+jsonwebtoken@9.0.10/node_modules/@types/jsonwebtoken": {
      "version": "9.0.10",
      "dev": true,
      "license": "MIT",
      "dependencies": {
        "@types/ms": "*",
        "@types/node": "*"
      }
    },
    "../node_modules/.pnpm/@types+node@20.19.37/node_modules/@types/node": {
      "version": "20.19.37",
      "dev": true,
      "license": "MIT",
      "dependencies": {
        "undici-types": "~6.21.0"
      }
    },
    "../node_modules/.pnpm/@types+pg@8.20.0/node_modules/@types/pg": {
      "version": "8.20.0",
      "devOptional": true,
      "license": "MIT",
      "dependencies": {
        "@types/node": "*",
        "pg-protocol": "*",
        "pg-types": "^2.2.0"
      }
    },
    "../node_modules/.pnpm/@types+supertest@6.0.3/node_modules/@types/supertest": {
      "version": "6.0.3",
      "dev": true,
      "license": "MIT",
      "dependencies": {
        "@types/methods": "^1.1.4",
        "@types/superagent": "^8.1.0"
      }
    },
    "../node_modules/.pnpm/@types+swagger-ui-express@4.1.8/node_modules/@types/swagger-ui-express": {
      "version": "4.1.8",
      "dev": true,
      "license": "MIT",
      "dependencies": {
        "@types/express": "*",
        "@types/serve-static": "*"
      }
    },
    "../node_modules/.pnpm/cookie-parser@1.4.7/node_modules/cookie-parser": {
      "version": "1.4.7",
      "license": "MIT",
      "dependencies": {
        "cookie": "0.7.2",
        "cookie-signature": "1.0.6"
      },
      "devDependencies": {
        "eslint": "7.32.0",
        "eslint-config-standard": "14.1.1",
        "eslint-plugin-import": "2.25.2",
        "eslint-plugin-markdown": "2.2.1",
        "eslint-plugin-node": "11.1.0",
        "eslint-plugin-promise": "4.3.1",
        "eslint-plugin-standard": "4.1.0",
        "mocha": "9.2.1",
        "nyc": "15.1.0",
        "supertest": "6.1.6"
      },
      "engines": {
        "node": ">= 0.8.0"
      }
    },
    "../node_modules/.pnpm/cors@2.8.6/node_modules/cors": {
      "version": "2.8.6",
      "license": "MIT",
      "dependencies": {
        "object-assign": "^4",
        "vary": "^1"
      },
      "devDependencies": {
        "after": "0.8.2",
        "eslint": "7.30.0",
        "express": "4.21.2",
        "mocha": "9.2.2",
        "nyc": "15.1.0",
        "supertest": "6.1.3"
      },
      "engines": {
        "node": ">= 0.10"
      },
      "funding": {
        "type": "opencollective",
        "url": "https://opencollective.com/express"
      }
    },
    "../node_modules/.pnpm/dotenv@16.6.1/node_modules/dotenv": {
      "version": "16.6.1",
      "license": "BSD-2-Clause",
      "devDependencies": {
        "@types/node": "^18.11.3",
        "decache": "^4.6.2",
        "sinon": "^14.0.1",
        "standard": "^17.0.0",
        "standard-version": "^9.5.0",
        "tap": "^19.2.0",
        "typescript": "^4.8.4"
      },
      "engines": {
        "node": ">=12"
      },
      "funding": {
        "url": "https://dotenvx.com"
      }
    },
    "../node_modules/.pnpm/express-rate-limit@7.5.1_express@4.22.1/node_modules/express-rate-limit": {
      "version": "7.5.1",
      "license": "MIT",
      "devDependencies": {
        "@express-rate-limit/prettier": "1.1.1",
        "@express-rate-limit/tsconfig": "1.0.2",
        "@jest/globals": "29.7.0",
        "@types/express": "4.17.20",
        "@types/jest": "29.5.6",
        "@types/node": "20.8.7",
        "@types/supertest": "2.0.15",
        "del-cli": "5.1.0",
        "dts-bundle-generator": "8.0.1",
        "esbuild": "0.25.0",
        "express": "4.21.1",
        "husky": "8.0.3",
        "jest": "29.7.0",
        "lint-staged": "15.0.2",
        "mintlify": "4.0.63",
        "npm-run-all": "4.1.5",
        "ratelimit-header-parser": "0.1.0",
        "supertest": "6.3.3",
        "ts-jest": "29.1.1",
        "ts-node": "10.9.1",
        "typescript": "5.2.2",
        "xo": "0.56.0"
      },
      "engines": {
        "node": ">= 16"
      },
      "funding": {
        "url": "https://github.com/sponsors/express-rate-limit"
      },
      "peerDependencies": {
        "express": ">= 4.11"
      }
    },
    "../node_modules/.pnpm/express@4.22.1/node_modules/express": {
      "version": "4.22.1",
      "license": "MIT",
      "dependencies": {
        "accepts": "~1.3.8",
        "array-flatten": "1.1.1",
        "body-parser": "~1.20.3",
        "content-disposition": "~0.5.4",
        "content-type": "~1.0.4",
        "cookie": "~0.7.1",
        "cookie-signature": "~1.0.6",
        "debug": "2.6.9",
        "depd": "2.0.0",
        "encodeurl": "~2.0.0",
        "escape-html": "~1.0.3",
        "etag": "~1.8.1",
        "finalhandler": "~1.3.1",
        "fresh": "~0.5.2",
        "http-errors": "~2.0.0",
        "merge-descriptors": "1.0.3",
        "methods": "~1.1.2",
        "on-finished": "~2.4.1",
        "parseurl": "~1.3.3",
        "path-to-regexp": "~0.1.12",
        "proxy-addr": "~2.0.7",
        "qs": "~6.14.0",
        "range-parser": "~1.2.1",
        "safe-buffer": "5.2.1",
        "send": "~0.19.0",
        "serve-static": "~1.16.2",
        "setprototypeof": "1.2.0",
        "statuses": "~2.0.1",
        "type-is": "~1.6.18",
        "utils-merge": "1.0.1",
        "vary": "~1.1.2"
      },
      "devDependencies": {
        "after": "0.8.2",
        "connect-redis": "3.4.2",
        "cookie-parser": "1.4.6",
        "cookie-session": "2.0.0",
        "ejs": "3.1.9",
        "eslint": "8.47.0",
        "express-session": "1.17.2",
        "hbs": "4.2.0",
        "marked": "0.7.0",
        "method-override": "3.0.0",
        "mocha": "^6.2.2",
        "morgan": "1.10.0",
        "nyc": "^14.1.1",
        "pbkdf2-password": "1.2.1",
        "supertest": "^6.1.6",
        "vhost": "~3.0.2"
      },
      "engines": {
        "node": ">= 0.10.0"
      },
      "funding": {
        "type": "opencollective",
        "url": "https://opencollective.com/express"
      }
    },
    "../node_modules/.pnpm/jest@29.7.0_@types+node@20.19.37_ts-node@10.9.2_@swc+core@1.15.30_@swc+helpers@0.5.19__@types_xxb2q72itlzjrkpwkq4grcm2ka/node_modules/jest": {
      "version": "29.7.0",
      "dev": true,
      "license": "MIT",
      "dependencies": {
        "@jest/core": "^29.7.0",
        "@jest/types": "^29.6.3",
        "import-local": "^3.0.2",
        "jest-cli": "^29.7.0"
      },
      "bin": {
        "jest": "bin/jest.js"
      },
      "devDependencies": {
        "@tsd/typescript": "^5.0.4",
        "tsd-lite": "^0.7.0"
      },
      "engines": {
        "node": "^14.15.0 || ^16.10.0 || >=18.0.0"
      },
      "peerDependencies": {
        "node-notifier": "^8.0.1 || ^9.0.0 || ^10.0.0"
      },
      "peerDependenciesMeta": {
        "node-notifier": {
          "optional": true
        }
      }
    },
    "../node_modules/.pnpm/jsonwebtoken@9.0.3/node_modules/jsonwebtoken": {
      "version": "9.0.3",
      "license": "MIT",
      "dependencies": {
        "jws": "^4.0.1",
        "lodash.includes": "^4.3.0",
        "lodash.isboolean": "^3.0.3",
        "lodash.isinteger": "^4.0.4",
        "lodash.isnumber": "^3.0.3",
        "lodash.isplainobject": "^4.0.6",
        "lodash.isstring": "^4.0.1",
        "lodash.once": "^4.0.0",
        "ms": "^2.1.1",
        "semver": "^7.5.4"
      },
      "devDependencies": {
        "atob": "^2.1.2",
        "chai": "^4.1.2",
        "conventional-changelog": "~1.1.0",
        "eslint": "^4.19.1",
        "mocha": "^5.2.0",
        "nsp": "^2.6.2",
        "nyc": "^11.9.0",
        "sinon": "^6.0.0"
      },
      "engines": {
        "node": ">=12",
        "npm": ">=6"
      }
    },
    "../node_modules/.pnpm/pg@8.20.0/node_modules/pg": {
      "version": "8.20.0",
      "license": "MIT",
      "dependencies": {
        "pg-connection-string": "^2.12.0",
        "pg-pool": "^3.13.0",
        "pg-protocol": "^1.13.0",
        "pg-types": "2.2.0",
        "pgpass": "1.0.5"
      },
      "devDependencies": {
        "@cloudflare/vitest-pool-workers": "0.8.23",
        "@cloudflare/workers-types": "^4.20230404.0",
        "async": "2.6.4",
        "bluebird": "3.7.2",
        "co": "4.6.0",
        "pg-copy-streams": "0.3.0",
        "typescript": "^4.0.3",
        "vitest": "~3.0.9",
        "wrangler": "^3.x"
      },
      "engines": {
        "node": ">= 16.0.0"
      },
      "optionalDependencies": {
        "pg-cloudflare": "^1.3.0"
      },
      "peerDependencies": {
        "pg-native": ">=3.0.1"
      },
      "peerDependenciesMeta": {
        "pg-native": {
          "optional": true
        }
      }
    },
    "../node_modules/.pnpm/pino-http@11.0.0/node_modules/pino-http": {
      "version": "11.0.0",
      "license": "MIT",
      "dependencies": {
        "get-caller-file": "^2.0.5",
        "pino": "^10.0.0",
        "pino-std-serializers": "^7.0.0",
        "process-warning": "^5.0.0"
      },
      "devDependencies": {
        "@matteo.collina/tspl": "^0.2.0",
        "@types/node": "^24.0.3",
        "autocannon": "^8.0.0",
        "c8": "^10.1.3",
        "coveralls": "^3.0.0",
        "http-ndjson": "^3.1.0",
        "pino-http-print": "^3.1.0",
        "pino-pretty": "^13.0.0",
        "split2": "^4.0.0",
        "standard": "^17.0.0",
        "ts-node": "^10.3.0",
        "tsd": "^0.33.0",
        "typescript": "~5.9.2"
      }
    },
    "../node_modules/.pnpm/pino-pretty@13.1.3/node_modules/pino-pretty": {
      "version": "13.1.3",
      "dev": true,
      "license": "MIT",
      "dependencies": {
        "colorette": "^2.0.7",
        "dateformat": "^4.6.3",
        "fast-copy": "^4.0.0",
        "fast-safe-stringify": "^2.1.1",
        "help-me": "^5.0.0",
        "joycon": "^3.1.1",
        "minimist": "^1.2.6",
        "on-exit-leak-free": "^2.1.0",
        "pino-abstract-transport": "^3.0.0",
        "pump": "^3.0.0",
        "secure-json-parse": "^4.0.0",
        "sonic-boom": "^4.0.1",
        "strip-json-comments": "^5.0.2"
      },
      "bin": {
        "pino-pretty": "bin.js"
      },
      "devDependencies": {
        "@arethetypeswrong/cli": "^0.18.1",
        "@jsumners/assert-match": "^1.0.0",
        "@jsumners/line-reporter": "^1.0.1",
        "@types/node": "^24.0.8",
        "borp": "^0.21.0",
        "eslint": "^9.37.0",
        "fastbench": "^1.0.1",
        "neostandard": "^0.12.2",
        "pino": "^10.1.0",
        "rimraf": "^6.0.1",
        "semver": "^7.6.0",
        "tap": "^16.0.0",
        "tsd": "^0.33.0",
        "typescript": "~5.9.2"
      }
    },
    "../node_modules/.pnpm/pino@10.3.1/node_modules/pino": {
      "version": "10.3.1",
      "license": "MIT",
      "dependencies": {
        "@pinojs/redact": "^0.4.0",
        "atomic-sleep": "^1.0.0",
        "on-exit-leak-free": "^2.1.0",
        "pino-abstract-transport": "^3.0.0",
        "pino-std-serializers": "^7.0.0",
        "process-warning": "^5.0.0",
        "quick-format-unescaped": "^4.0.3",
        "real-require": "^0.2.0",
        "safe-stable-stringify": "^2.3.1",
        "sonic-boom": "^4.0.1",
        "thread-stream": "^4.0.0"
      },
      "bin": {
        "pino": "bin.js"
      },
      "devDependencies": {
        "@arethetypeswrong/cli": "^0.18.1",
        "@matteo.collina/tspl": "^0.2.0",
        "@types/flush-write-stream": "^1.0.0",
        "@types/node": "^25.0.3",
        "airtap": "5.0.0",
        "bole": "^5.0.5",
        "borp": "^0.21.0",
        "bunyan": "^1.8.14",
        "debug": "^4.3.4",
        "docsify-cli": "^4.4.4",
        "eslint": "^9.37.0",
        "eslint-plugin-import": "^2.26.0",
        "eslint-plugin-n": "17.23.2",
        "eslint-plugin-node": "^11.1.0",
        "eslint-plugin-promise": "^6.0.0",
        "execa": "^5.0.0",
        "fastbench": "^1.0.1",
        "flush-write-stream": "^2.0.0",
        "import-fresh": "^3.2.1",
        "jest": "^30.0.3",
        "log": "^6.0.0",
        "loglevel": "^1.6.7",
        "midnight-smoker": "1.1.1",
        "neostandard": "^0.12.2",
        "pino-pretty": "^13.0.0",
        "pre-commit": "^1.2.2",
        "proxyquire": "^2.1.3",
        "pump": "^3.0.0",
        "rimraf": "^6.0.1",
        "semver": "^7.3.7",
        "split2": "^4.0.0",
        "steed": "^1.1.3",
        "strip-ansi": "^6.0.0",
        "tape": "^5.5.3",
        "through2": "^4.0.0",
        "ts-node": "^10.9.1",
        "tsd": "^0.33.0",
        "typescript": "~5.9.2",
        "winston": "^3.7.2"
      }
    },
    "../node_modules/.pnpm/supertest@6.3.4/node_modules/supertest": {
      "version": "6.3.4",
      "dev": true,
      "license": "MIT",
      "dependencies": {
        "methods": "^1.1.2",
        "superagent": "^8.1.2"
      },
      "devDependencies": {
        "body-parser": "^1.20.2",
        "cookie-parser": "^1.4.6",
        "eslint": "^8.32.0",
        "eslint-config-airbnb-base": "^15.0.0",
        "eslint-plugin-import": "^2.27.5",
        "express": "^4.18.2",
        "mocha": "^10.2.0",
        "nock": "^13.3.0",
        "nyc": "^15.1.0",
        "proxyquire": "^2.1.3",
        "should": "^13.2.3"
      },
      "engines": {
        "node": ">=6.4.0"
      }
    },
    "../node_modules/.pnpm/swagger-ui-express@5.0.1_express@4.22.1/node_modules/swagger-ui-express": {
      "version": "5.0.1",
      "license": "MIT",
      "dependencies": {
        "swagger-ui-dist": ">=5.0.0"
      },
      "devDependencies": {
        "es6-shim": "0.35.8",
        "express": "^4.19.2",
        "istanbul-badges-readme": "^1.9.0",
        "mocha": "^10.4.0",
        "nyc": "^15.1.0",
        "puppeteer": "22.8.2"
      },
      "engines": {
        "node": ">= v0.10.32"
      },
      "peerDependencies": {
        "express": ">=4.0.0 || >=5.0.0-beta"
      }
    },
    "../node_modules/.pnpm/ts-jest@29.4.6_@babel+core@7.29.0_@jest+transform@29.7.0_@jest+types@29.6.3_babel-jest@29.7.0_ia7vz25ypfwiggdqlfflmudzku/node_modules/ts-jest": {
      "version": "29.4.6",
      "dev": true,
      "license": "MIT",
      "dependencies": {
        "bs-logger": "^0.2.6",
        "fast-json-stable-stringify": "^2.1.0",
        "handlebars": "^4.7.8",
        "json5": "^2.2.3",
        "lodash.memoize": "^4.1.2",
        "make-error": "^1.3.6",
        "semver": "^7.7.3",
        "type-fest": "^4.41.0",
        "yargs-parser": "^21.1.1"
      },
      "bin": {
        "ts-jest": "cli.js"
      },
      "devDependencies": {
        "@commitlint/cli": "^19.8.1",
        "@commitlint/config-angular": "^19.8.1",
        "@eslint/compat": "^1.4.1",
        "@eslint/eslintrc": "^3.3.1",
        "@eslint/js": "^9.39.1",
        "@jest/globals": "^30.2.0",
        "@jest/transform": "^30.2.0",
        "@jest/types": "^30.2.0",
        "@types/babel__core": "^7.20.5",
        "@types/fs-extra": "^11.0.4",
        "@types/jest": "^29.5.14",
        "@types/js-yaml": "^4.0.9",
        "@types/lodash.camelcase": "^4.3.9",
        "@types/lodash.memoize": "^4.1.9",
        "@types/lodash.set": "^4.3.9",
        "@types/micromatch": "^4.0.10",
        "@types/node": "20.19.25",
        "@types/semver": "^7.7.1",
        "@types/yargs": "^17.0.35",
        "@types/yargs-parser": "21.0.3",
        "@typescript-eslint/eslint-plugin": "^8.48.0",
        "@typescript-eslint/parser": "^8.48.0",
        "babel-jest": "^30.2.0",
        "conventional-changelog": "^7.1.1",
        "conventional-changelog-angular": "^8.1.0",
        "esbuild": "~0.27.0",
        "eslint": "^9.39.1",
        "eslint-config-prettier": "^10.1.8",
        "eslint-plugin-import": "^2.32.0",
        "eslint-plugin-jest": "^28.14.0",
        "eslint-plugin-jsdoc": "^50.8.0",
        "eslint-plugin-prettier": "^4.2.5",
        "execa": "5.1.1",
        "fast-glob": "^3.3.3",
        "fs-extra": "^11.3.2",
        "globals": "^16.5.0",
        "husky": "^9.1.7",
        "jest": "^30.2.0",
        "js-yaml": "^4.1.1",
        "lint-staged": "^15.5.2",
        "memfs": "^4.51.0",
        "prettier": "^2.8.8",
        "rimraf": "^5.0.10",
        "ts-node": "^10.9.2",
        "typescript": "~5.9.3",
        "typescript-eslint": "^8.48.0"
      },
      "engines": {
        "node": "^14.15.0 || ^16.10.0 || ^18.0.0 || >=20.0.0"
      },
      "peerDependencies": {
        "@babel/core": ">=7.0.0-beta.0 <8",
        "@jest/transform": "^29.0.0 || ^30.0.0",
        "@jest/types": "^29.0.0 || ^30.0.0",
        "babel-jest": "^29.0.0 || ^30.0.0",
        "jest": "^29.0.0 || ^30.0.0",
        "jest-util": "^29.0.0 || ^30.0.0",
        "typescript": ">=4.3 <6"
      },
      "peerDependenciesMeta": {
        "@babel/core": {
          "optional": true
        },
        "@jest/transform": {
          "optional": true
        },
        "@jest/types": {
          "optional": true
        },
        "babel-jest": {
          "optional": true
        },
        "esbuild": {
          "optional": true
        },
        "jest-util": {
          "optional": true
        }
      }
    },
    "../node_modules/.pnpm/tsx@4.21.0/node_modules/tsx": {
      "version": "4.21.0",
      "dev": true,
      "license": "MIT",
      "dependencies": {
        "esbuild": "~0.27.0",
        "get-tsconfig": "^4.7.5"
      },
      "bin": {
        "tsx": "dist/cli.mjs"
      },
      "engines": {
        "node": ">=18.0.0"
      },
      "optionalDependencies": {
        "fsevents": "~2.3.3"
      }
    },
    "../node_modules/.pnpm/typescript@5.9.3/node_modules/typescript": {
      "version": "5.9.3",
      "dev": true,
      "license": "Apache-2.0",
      "bin": {
        "tsc": "bin/tsc",
        "tsserver": "bin/tsserver"
      },
      "devDependencies": {
        "@dprint/formatter": "^0.4.1",
        "@dprint/typescript": "0.93.4",
        "@esfx/canceltoken": "^1.0.0",
        "@eslint/js": "^9.20.0",
        "@octokit/rest": "^21.1.1",
        "@types/chai": "^4.3.20",
        "@types/diff": "^7.0.1",
        "@types/minimist": "^1.2.5",
        "@types/mocha": "^10.0.10",
        "@types/ms": "^0.7.34",
        "@types/node": "latest",
        "@types/source-map-support": "^0.5.10",
        "@types/which": "^3.0.4",
        "@typescript-eslint/rule-tester": "^8.24.1",
        "@typescript-eslint/type-utils": "^8.24.1",
        "@typescript-eslint/utils": "^8.24.1",
        "azure-devops-node-api": "^14.1.0",
        "c8": "^10.1.3",
        "chai": "^4.5.0",
        "chokidar": "^4.0.3",
        "diff": "^7.0.0",
        "dprint": "^0.49.0",
        "esbuild": "^0.25.0",
        "eslint": "^9.20.1",
        "eslint-formatter-autolinkable-stylish": "^1.4.0",
        "eslint-plugin-regexp": "^2.7.0",
        "fast-xml-parser": "^4.5.2",
        "glob": "^10.4.5",
        "globals": "^15.15.0",
        "hereby": "^1.10.0",
        "jsonc-parser": "^3.3.1",
        "knip": "^5.44.4",
        "minimist": "^1.2.8",
        "mocha": "^10.8.2",
        "mocha-fivemat-progress-reporter": "^0.1.0",
        "monocart-coverage-reports": "^2.12.1",
        "ms": "^2.1.3",
        "picocolors": "^1.1.1",
        "playwright": "^1.50.1",
        "source-map-support": "^0.5.21",
        "tslib": "^2.8.1",
        "typescript": "^5.7.3",
        "typescript-eslint": "^8.24.1",
        "which": "^3.0.1"
      },
      "engines": {
        "node": ">=14.17"
      }
    },
    "../node_modules/.pnpm/zod@4.3.6/node_modules/zod": {
      "version": "4.3.6",
      "license": "MIT",
      "funding": {
        "url": "https://github.com/sponsors/colinhacks"
      }
    },
    "node_modules/@asteasolutions/zod-to-openapi": {
      "resolved": "../node_modules/.pnpm/@asteasolutions+zod-to-openapi@8.5.0_zod@4.3.6/node_modules/@asteasolutions/zod-to-openapi",
      "link": true
    },
    "node_modules/@isaacs/cliui": {
      "version": "9.0.0",
      "license": "BlueOak-1.0.0",
      "engines": {
        "node": ">=18"
      }
    },
    "node_modules/@stellar/stellar-sdk": {
      "resolved": "../node_modules/.pnpm/@stellar+stellar-sdk@15.0.1/node_modules/@stellar/stellar-sdk",
      "link": true
    },
    "node_modules/@types/cookie-parser": {
      "resolved": "../node_modules/.pnpm/@types+cookie-parser@1.4.10_@types+express@4.17.25/node_modules/@types/cookie-parser",
      "link": true
    },
    "node_modules/@types/cors": {
      "resolved": "../node_modules/.pnpm/@types+cors@2.8.19/node_modules/@types/cors",
      "link": true
    },
    "node_modules/@types/express": {
      "resolved": "../node_modules/.pnpm/@types+express@4.17.25/node_modules/@types/express",
      "link": true
    },
    "node_modules/@types/jest": {
      "resolved": "../node_modules/.pnpm/@types+jest@29.5.14/node_modules/@types/jest",
      "link": true
    },
    "node_modules/@types/jsonwebtoken": {
      "resolved": "../node_modules/.pnpm/@types+jsonwebtoken@9.0.10/node_modules/@types/jsonwebtoken",
      "link": true
    },
    "node_modules/@types/node": {
      "resolved": "../node_modules/.pnpm/@types+node@20.19.37/node_modules/@types/node",
      "link": true
    },
    "node_modules/@types/pg": {
      "resolved": "../node_modules/.pnpm/@types+pg@8.20.0/node_modules/@types/pg",
      "link": true
    },
    "node_modules/@types/supertest": {
      "resolved": "../node_modules/.pnpm/@types+supertest@6.0.3/node_modules/@types/supertest",
      "link": true
    },
    "node_modules/@types/swagger-ui-express": {
      "resolved": "../node_modules/.pnpm/@types+swagger-ui-express@4.1.8/node_modules/@types/swagger-ui-express",
      "link": true
    },
    "node_modules/ansi-regex": {
      "version": "5.0.1",
      "license": "MIT",
      "engines": {
        "node": ">=8"
      }
    },
    "node_modules/ansi-styles": {
      "version": "4.3.0",
      "license": "MIT",
      "dependencies": {
        "color-convert": "^2.0.1"
      },
      "engines": {
        "node": ">=8"
      },
      "funding": {
        "url": "https://github.com/chalk/ansi-styles?sponsor=1"
      }
    },
    "node_modules/cliui": {
      "version": "8.0.1",
      "license": "ISC",
      "dependencies": {
        "string-width": "^4.2.0",
        "strip-ansi": "^6.0.1",
        "wrap-ansi": "^7.0.0"
      },
      "engines": {
        "node": ">=12"
      }
    },
    "node_modules/color-convert": {
      "version": "2.0.1",
      "license": "MIT",
      "dependencies": {
        "color-name": "~1.1.4"
      },
      "engines": {
        "node": ">=7.0.0"
      }
    },
    "node_modules/color-name": {
      "version": "1.1.4",
      "license": "MIT"
    },
    "node_modules/cookie-parser": {
      "resolved": "../node_modules/.pnpm/cookie-parser@1.4.7/node_modules/cookie-parser",
      "link": true
    },
    "node_modules/cors": {
      "resolved": "../node_modules/.pnpm/cors@2.8.6/node_modules/cors",
      "link": true
    },
    "node_modules/cross-spawn": {
      "version": "7.0.6",
      "license": "MIT",
      "dependencies": {
        "path-key": "^3.1.0",
        "shebang-command": "^2.0.0",
        "which": "^2.0.1"
      },
      "engines": {
        "node": ">= 8"
      }
    },
    "node_modules/dotenv": {
      "resolved": "../node_modules/.pnpm/dotenv@16.6.1/node_modules/dotenv",
      "link": true
    },
    "node_modules/emoji-regex": {
      "version": "8.0.0",
      "license": "MIT"
    },
    "node_modules/escalade": {
      "version": "3.2.0",
      "license": "MIT",
      "engines": {
        "node": ">=6"
      }
    },
    "node_modules/express": {
      "resolved": "../node_modules/.pnpm/express@4.22.1/node_modules/express",
      "link": true
    },
    "node_modules/express-rate-limit": {
      "resolved": "../node_modules/.pnpm/express-rate-limit@7.5.1_express@4.22.1/node_modules/express-rate-limit",
      "link": true
    },
    "node_modules/foreground-child": {
      "version": "3.3.1",
      "license": "ISC",
      "dependencies": {
        "cross-spawn": "^7.0.6",
        "signal-exit": "^4.0.1"
      },
      "engines": {
        "node": ">=14"
      },
      "funding": {
        "url": "https://github.com/sponsors/isaacs"
      }
    },
    "node_modules/foreground-child/node_modules/signal-exit": {
      "version": "4.1.0",
      "license": "ISC",
      "engines": {
        "node": ">=14"
      },
      "funding": {
        "url": "https://github.com/sponsors/isaacs"
      }
    },
    "node_modules/get-caller-file": {
      "version": "2.0.5",
      "license": "ISC",
      "engines": {
        "node": "6.* || 8.* || >= 10.*"
      }
    },
    "node_modules/is-fullwidth-code-point": {
      "version": "3.0.0",
      "license": "MIT",
      "engines": {
        "node": ">=8"
      }
    },
    "node_modules/isexe": {
      "version": "2.0.0",
      "license": "ISC"
    },
    "node_modules/jackspeak": {
      "version": "4.2.3",
      "license": "BlueOak-1.0.0",
      "dependencies": {
        "@isaacs/cliui": "^9.0.0"
      },
      "engines": {
        "node": "20 || >=22"
      },
      "funding": {
        "url": "https://github.com/sponsors/isaacs"
      }
    },
    "node_modules/jest": {
      "resolved": "../node_modules/.pnpm/jest@29.7.0_@types+node@20.19.37_ts-node@10.9.2_@swc+core@1.15.30_@swc+helpers@0.5.19__@types_xxb2q72itlzjrkpwkq4grcm2ka/node_modules/jest",
      "link": true
    },
    "node_modules/jsonwebtoken": {
      "resolved": "../node_modules/.pnpm/jsonwebtoken@9.0.3/node_modules/jsonwebtoken",
      "link": true
    },
    "node_modules/minipass": {
      "version": "7.1.3",
      "license": "BlueOak-1.0.0",
      "engines": {
        "node": ">=16 || 14 >=14.17"
      }
    },
    "node_modules/node-pg-migrate": {
      "version": "8.0.4",
      "license": "MIT",
      "dependencies": {
        "glob": "~11.1.0",
        "yargs": "~17.7.0"
      },
      "bin": {
        "node-pg-migrate": "bin/node-pg-migrate.js"
      },
      "engines": {
        "node": ">=20.11.0"
      },
      "peerDependencies": {
        "@types/pg": ">=6.0.0 <9.0.0",
        "pg": ">=4.3.0 <9.0.0"
      },
      "peerDependenciesMeta": {
        "@types/pg": {
          "optional": true
        }
      }
    },
    "node_modules/node-pg-migrate/node_modules/balanced-match": {
      "version": "4.0.4",
      "license": "MIT",
      "engines": {
        "node": "18 || 20 || >=22"
      }
    },
    "node_modules/node-pg-migrate/node_modules/brace-expansion": {
      "version": "5.0.5",
      "license": "MIT",
      "dependencies": {
        "balanced-match": "^4.0.2"
      },
      "engines": {
        "node": "18 || 20 || >=22"
      }
    },
    "node_modules/node-pg-migrate/node_modules/glob": {
      "version": "11.1.0",
      "license": "BlueOak-1.0.0",
      "dependencies": {
        "foreground-child": "^3.3.1",
        "jackspeak": "^4.1.1",
        "minimatch": "^10.1.1",
        "minipass": "^7.1.2",
        "package-json-from-dist": "^1.0.0",
        "path-scurry": "^2.0.0"
      },
      "bin": {
        "glob": "dist/esm/bin.mjs"
      },
      "engines": {
        "node": "20 || >=22"
      },
      "funding": {
        "url": "https://github.com/sponsors/isaacs"
      }
    },
    "node_modules/node-pg-migrate/node_modules/minimatch": {
      "version": "10.2.5",
      "license": "BlueOak-1.0.0",
      "dependencies": {
        "brace-expansion": "^5.0.5"
      },
      "engines": {
        "node": "18 || 20 || >=22"
      },
      "funding": {
        "url": "https://github.com/sponsors/isaacs"
      }
    },
    "node_modules/package-json-from-dist": {
      "version": "1.0.1",
      "license": "BlueOak-1.0.0"
    },
    "node_modules/path-key": {
      "version": "3.1.1",
      "license": "MIT",
      "engines": {
        "node": ">=8"
      }
    },
    "node_modules/path-scurry": {
      "version": "2.0.2",
      "license": "BlueOak-1.0.0",
      "dependencies": {
        "lru-cache": "^11.0.0",
        "minipass": "^7.1.2"
      },
      "engines": {
        "node": "18 || 20 || >=22"
      },
      "funding": {
        "url": "https://github.com/sponsors/isaacs"
      }
    },
    "node_modules/path-scurry/node_modules/lru-cache": {
      "version": "11.3.5",
      "license": "BlueOak-1.0.0",
      "engines": {
        "node": "20 || >=22"
      }
    },
    "node_modules/pg": {
      "resolved": "../node_modules/.pnpm/pg@8.20.0/node_modules/pg",
      "link": true
    },
    "node_modules/pino": {
      "resolved": "../node_modules/.pnpm/pino@10.3.1/node_modules/pino",
      "link": true
    },
    "node_modules/pino-http": {
      "resolved": "../node_modules/.pnpm/pino-http@11.0.0/node_modules/pino-http",
      "link": true
    },
    "node_modules/pino-pretty": {
      "resolved": "../node_modules/.pnpm/pino-pretty@13.1.3/node_modules/pino-pretty",
      "link": true
    },
    "node_modules/require-directory": {
      "version": "2.1.1",
      "license": "MIT",
      "engines": {
        "node": ">=0.10.0"
      }
    },
    "node_modules/shebang-command": {
      "version": "2.0.0",
      "license": "MIT",
      "dependencies": {
        "shebang-regex": "^3.0.0"
      },
      "engines": {
        "node": ">=8"
      }
    },
    "node_modules/shebang-regex": {
      "version": "3.0.0",
      "license": "MIT",
      "engines": {
        "node": ">=8"
      }
    },
    "node_modules/string-width": {
      "version": "4.2.3",
      "license": "MIT",
      "dependencies": {
        "emoji-regex": "^8.0.0",
        "is-fullwidth-code-point": "^3.0.0",
        "strip-ansi": "^6.0.1"
      },
      "engines": {
        "node": ">=8"
      }
    },
    "node_modules/strip-ansi": {
      "version": "6.0.1",
      "license": "MIT",
      "dependencies": {
        "ansi-regex": "^5.0.1"
      },
      "engines": {
        "node": ">=8"
      }
    },
    "node_modules/supertest": {
      "resolved": "../node_modules/.pnpm/supertest@6.3.4/node_modules/supertest",
      "link": true
    },
    "node_modules/swagger-ui-express": {
      "resolved": "../node_modules/.pnpm/swagger-ui-express@5.0.1_express@4.22.1/node_modules/swagger-ui-express",
      "link": true
    },
    "node_modules/ts-jest": {
      "resolved": "../node_modules/.pnpm/ts-jest@29.4.6_@babel+core@7.29.0_@jest+transform@29.7.0_@jest+types@29.6.3_babel-jest@29.7.0_ia7vz25ypfwiggdqlfflmudzku/node_modules/ts-jest",
      "link": true
    },
    "node_modules/tsx": {
      "resolved": "../node_modules/.pnpm/tsx@4.21.0/node_modules/tsx",
      "link": true
    },
    "node_modules/typescript": {
      "resolved": "../node_modules/.pnpm/typescript@5.9.3/node_modules/typescript",
      "link": true
    },
    "node_modules/which": {
      "version": "2.0.2",
      "license": "ISC",
      "dependencies": {
        "isexe": "^2.0.0"
      },
      "bin": {
        "node-which": "bin/node-which"
      },
      "engines": {
        "node": ">= 8"
      }
    },
    "node_modules/wrap-ansi": {
      "version": "7.0.0",
      "license": "MIT",
      "dependencies": {
        "ansi-styles": "^4.0.0",
        "string-width": "^4.1.0",
        "strip-ansi": "^6.0.0"
      },
      "engines": {
        "node": ">=10"
      },
      "funding": {
        "url": "https://github.com/chalk/wrap-ansi?sponsor=1"
      }
    },
    "node_modules/y18n": {
      "version": "5.0.8",
      "license": "ISC",
      "engines": {
        "node": ">=10"
      }
    },
    "node_modules/yargs": {
      "version": "17.7.2",
      "license": "MIT",
      "dependencies": {
        "cliui": "^8.0.1",
        "escalade": "^3.1.1",
        "get-caller-file": "^2.0.5",
        "require-directory": "^2.1.1",
        "string-width": "^4.2.3",
        "y18n": "^5.0.5",
        "yargs-parser": "^21.1.1"
      },
      "engines": {
        "node": ">=12"
      }
    },
    "node_modules/yargs-parser": {
      "version": "21.1.1",
      "license": "ISC",
      "engines": {
        "node": ">=12"
      }
    },
    "node_modules/zod": {
      "resolved": "../node_modules/.pnpm/zod@4.3.6/node_modules/zod",
      "link": true
    }
  }
}
